
Microsoft Visual Studio Solution File, Format Version 12.00
# Visual Studio Version 17
VisualStudioVersion = 17.14.36518.9 d17.14
MinimumVisualStudioVersion = 10.0.40219.1
Project("{FAE04EC0-301F-11D3-BF4B-00C04F79EFBC}") = "QuiperTracker", "QuiperTracker\QuiperTracker.csproj", "{13D76C22-279F-42FB-9EBE-1BA2ED4C543E}"
EndProject
Global
	GlobalSection(SolutionConfigurationPlatforms) = preSolution
		Debug|Any CPU = Debug|Any CPU
		Release|Any CPU = Release|Any CPU
	EndGlobalSection
	GlobalSection(ProjectConfigurationPlatforms) = postSolution
		{13D76C22-279F-42FB-9EBE-1BA2ED4C543E}.Debug|Any CPU.ActiveCfg = Debug|Any CPU
		{13D76C22-279F-42FB-9EBE-1BA2ED4C543E}.Debug|Any CPU.Build.0 = Debug|Any CPU
		{13D76C22-279F-42FB-9EBE-1BA2ED4C543E}.Release|Any CPU.ActiveCfg = Release|Any CPU
		{13D76C22-279F-42FB-9EBE-1BA2ED4C543E}.Release|Any CPU.Build.0 = Release|Any CPU
	EndGlobalSection
	GlobalSection(SolutionProperties) = preSolution
		HideSolutionNode = FALSE
	EndGlobalSection
	GlobalSection(ExtensibilityGlobals) = postSolution
		SolutionGuid = {CAA6D84C-238A-4C43-AA00-75888E0290C6}
	EndGlobalSection
EndGlobal
